# THIS IS AN AUTOGENERATED FILE. DO NOT EDIT THIS FILE DIRECTLY.
# yarn lockfile v1


"@prisma/client@2.29.0-integration-enabling-node-api.4":
  version "2.29.0-integration-enabling-node-api.4"
  resolved "https://registry.yarnpkg.com/@prisma/client/-/client-2.29.0-integration-enabling-node-api.4.tgz#cd6b8626d0ec7468947c3c8f051b7b4fc4f6c36d"
  integrity sha512-/A8XraCCSNreaFwaxTZ7mti9m8beR8zSeSk6UjDQWNmyl7/sPTZjzFMXhL4dqVVvrkS9RtLfTD6R9wcnXZDppw==
  dependencies:
    "@prisma/engines-version" "2.28.0-16.enabling-node-api-d616ac2e761de0623c4f0494620b4199161d9019"

"@prisma/engines-version@2.28.0-16.enabling-node-api-d616ac2e761de0623c4f0494620b4199161d9019":
  version "2.28.0-16.enabling-node-api-d616ac2e761de0623c4f0494620b4199161d9019"
  resolved "https://registry.yarnpkg.com/@prisma/engines-version/-/engines-version-2.28.0-16.enabling-node-api-d616ac2e761de0623c4f0494620b4199161d9019.tgz#7584ffa00523cfd58fead3c9919abd367ffa58d9"
  integrity sha512-of8yHec46yMdVTK9B1ve6Co6DlcZIhK/sm0+GHMu+qPhqiBiQE7ZyPZLPNTQgUPjzg9ctiRCw8F4rR2fMnxejQ==

"@prisma/engines@2.28.0-16.enabling-node-api-d616ac2e761de0623c4f0494620b4199161d9019":
  version "2.28.0-16.enabling-node-api-d616ac2e761de0623c4f0494620b4199161d9019"
  resolved "https://registry.yarnpkg.com/@prisma/engines/-/engines-2.28.0-16.enabling-node-api-d616ac2e761de0623c4f0494620b4199161d9019.tgz#cba0c9502a8776e5952e149c5de19426f7b1c6a0"
  integrity sha512-PMmORIT6Ha7iTUj5pCBza5pajIqe1BVXQYrr0IbejWBxbeZqN2YOil180G2RduEhMGjrmCX7UwnntaQD1uPhWw==

"@types/node@12.20.17":
  version "12.20.17"
  resolved "https://registry.yarnpkg.com/@types/node/-/node-12.20.17.tgz#ffd44c2801fc527a6fe6e86bc9b900261df1c87e"
  integrity sha512-so8EHl4S6MmatPS0f9sE1ND94/ocbcEshW5OpyYthRqeRpiYyW2uXYTo/84kmfdfeNrDycARkvuiXl6nO40NGg==

prisma@2.29.0-integration-enabling-node-api.4:
  version "2.29.0-integration-enabling-node-api.4"
  resolved "https://registry.yarnpkg.com/prisma/-/prisma-2.29.0-integration-enabling-node-api.4.tgz#3894d5fa4cf92d297ac007e67e6097db650d55bd"
  integrity sha512-NonHxtAYyw0geJJQS66yKv65qcBOkAdYVTk6zmXmMLBovW4CnlQvILs0Nr8tVEq/G6VuwSpEnEpsOeprJsIRaQ==
  dependencies:
    "@prisma/engines" "2.28.0-16.enabling-node-api-d616ac2e761de0623c4f0494620b4199161d9019"
